
Microsoft Visual Studio Solution File, Format Version 12.00
# Visual Studio Version 17
VisualStudioVersion = 17.6.33723.286
MinimumVisualStudioVersion = 10.0.40219.1
Project("{FAE04EC0-301F-11D3-BF4B-00C04F79EFBC}") = "ConsoleApp1", "ConsoleApp1\ConsoleApp1.csproj", "{2F213F9E-96C1-4FF9-9615-EC7628B09A18}"
EndProject
Global
	GlobalSection(SolutionConfigurationPlatforms) = preSolution
		Debug|Any CPU = Debug|Any CPU
		Release|Any CPU = Release|Any CPU
	EndGlobalSection
	GlobalSection(ProjectConfigurationPlatforms) = postSolution
		{2F213F9E-96C1-4FF9-9615-EC7628B09A18}.Debug|Any CPU.ActiveCfg = Debug|Any CPU
		{2F213F9E-96C1-4FF9-9615-EC7628B09A18}.Debug|Any CPU.Build.0 = Debug|Any CPU
		{2F213F9E-96C1-4FF9-9615-EC7628B09A18}.Release|Any CPU.ActiveCfg = Release|Any CPU
		{2F213F9E-96C1-4FF9-9615-EC7628B09A18}.Release|Any CPU.Build.0 = Release|Any CPU
	EndGlobalSection
	GlobalSection(SolutionProperties) = preSolution
		HideSolutionNode = FALSE
	EndGlobalSection
	GlobalSection(ExtensibilityGlobals) = postSolution
		SolutionGuid = {81A70CAB-5C41-49F5-8201-46C5E00C6E12}
	EndGlobalSection
EndGlobal
